
Microsoft Visual Studio Solution File, Format Version 12.00
# Visual Studio Version 17
VisualStudioVersion = 17.4.33213.308
MinimumVisualStudioVersion = 10.0.40219.1
Project("{9A19103F-16F7-4668-BE54-9A1E7A4F7556}") = "MarketMentor", "MarketMentor.csproj", "{ABD0B927-2FBC-49F8-BD01-97362274AFB2}"
EndProject
Project("{FAE04EC0-301F-11D3-BF4B-00C04F79EFBC}") = "MarketMentorV2", "..\MarketMentorV2\MarketMentorV2.csproj", "{257F1CDF-340F-4E9B-8C9F-B8FFD067E830}"
EndProject
Global
	GlobalSection(SolutionConfigurationPlatforms) = preSolution
		Debug|Any CPU = Debug|Any CPU
		Release|Any CPU = Release|Any CPU
	EndGlobalSection
	GlobalSection(ProjectConfigurationPlatforms) = postSolution
		{ABD0B927-2FBC-49F8-BD01-97362274AFB2}.Debug|Any CPU.ActiveCfg = Debug|Any CPU
		{ABD0B927-2FBC-49F8-BD01-97362274AFB2}.Debug|Any CPU.Build.0 = Debug|Any CPU
		{ABD0B927-2FBC-49F8-BD01-97362274AFB2}.Release|Any CPU.ActiveCfg = Release|Any CPU
		{ABD0B927-2FBC-49F8-BD01-97362274AFB2}.Release|Any CPU.Build.0 = Release|Any CPU
		{257F1CDF-340F-4E9B-8C9F-B8FFD067E830}.Debug|Any CPU.ActiveCfg = Debug|Any CPU
		{257F1CDF-340F-4E9B-8C9F-B8FFD067E830}.Debug|Any CPU.Build.0 = Debug|Any CPU
		{257F1CDF-340F-4E9B-8C9F-B8FFD067E830}.Release|Any CPU.ActiveCfg = Release|Any CPU
		{257F1CDF-340F-4E9B-8C9F-B8FFD067E830}.Release|Any CPU.Build.0 = Release|Any CPU
	EndGlobalSection
	GlobalSection(SolutionProperties) = preSolution
		HideSolutionNode = FALSE
	EndGlobalSection
	GlobalSection(ExtensibilityGlobals) = postSolution
		SolutionGuid = {C5328B2D-3631-4E14-87D8-BE225A223574}
	EndGlobalSection
EndGlobal
